
Microsoft Visual Studio Solution File, Format Version 12.00
Project("{FAE04EC0-301F-11D3-BF4B-00C04F79EFBC}") = "Assistant.Api", "Assistant.Api\Assistant.Api.csproj", "{10FB00DD-74C2-461C-9DFB-E181BAF4118F}"
EndProject
Project("{FAE04EC0-301F-11D3-BF4B-00C04F79EFBC}") = "Assistant.Api.Tests", "Assistant.Api.Tests\Assistant.Api.Tests.csproj", "{72982D08-A740-457C-B9D1-9A6B02B8E219}"
EndProject
Global
	GlobalSection(SolutionConfigurationPlatforms) = preSolution
		Debug|Any CPU = Debug|Any CPU
		Release|Any CPU = Release|Any CPU
	EndGlobalSection
	GlobalSection(ProjectConfigurationPlatforms) = postSolution
		{10FB00DD-74C2-461C-9DFB-E181BAF4118F}.Debug|Any CPU.ActiveCfg = Debug|Any CPU
		{10FB00DD-74C2-461C-9DFB-E181BAF4118F}.Debug|Any CPU.Build.0 = Debug|Any CPU
		{10FB00DD-74C2-461C-9DFB-E181BAF4118F}.Release|Any CPU.ActiveCfg = Release|Any CPU
		{10FB00DD-74C2-461C-9DFB-E181BAF4118F}.Release|Any CPU.Build.0 = Release|Any CPU
		{72982D08-A740-457C-B9D1-9A6B02B8E219}.Debug|Any CPU.ActiveCfg = Debug|Any CPU
		{72982D08-A740-457C-B9D1-9A6B02B8E219}.Debug|Any CPU.Build.0 = Debug|Any CPU
		{72982D08-A740-457C-B9D1-9A6B02B8E219}.Release|Any CPU.ActiveCfg = Release|Any CPU
		{72982D08-A740-457C-B9D1-9A6B02B8E219}.Release|Any CPU.Build.0 = Release|Any CPU
	EndGlobalSection
EndGlobal
